
Microsoft Visual Studio Solution File, Format Version 12.00
# Visual Studio Version 17
VisualStudioVersion = 17.4.33122.133
MinimumVisualStudioVersion = 10.0.40219.1
Project("{FAE04EC0-301F-11D3-BF4B-00C04F79EFBC}") = "ConsoleApp2", "ConsoleApp2\ConsoleApp2.csproj", "{3741C41D-7CE5-4B47-9E45-52F2FABE10E0}"
EndProject
Global
	GlobalSection(SolutionConfigurationPlatforms) = preSolution
		Debug|Any CPU = Debug|Any CPU
		Release|Any CPU = Release|Any CPU
	EndGlobalSection
	GlobalSection(ProjectConfigurationPlatforms) = postSolution
		{3741C41D-7CE5-4B47-9E45-52F2FABE10E0}.Debug|Any CPU.ActiveCfg = Debug|Any CPU
		{3741C41D-7CE5-4B47-9E45-52F2FABE10E0}.Debug|Any CPU.Build.0 = Debug|Any CPU
		{3741C41D-7CE5-4B47-9E45-52F2FABE10E0}.Release|Any CPU.ActiveCfg = Release|Any CPU
		{3741C41D-7CE5-4B47-9E45-52F2FABE10E0}.Release|Any CPU.Build.0 = Release|Any CPU
	EndGlobalSection
	GlobalSection(SolutionProperties) = preSolution
		HideSolutionNode = FALSE
	EndGlobalSection
	GlobalSection(ExtensibilityGlobals) = postSolution
		SolutionGuid = {835DD2E6-6541-4AE2-97D1-866989CC560F}
	EndGlobalSection
EndGlobal
